<?xml version="1.0" encoding="utf-8"?>
<Project ToolsVersion="4.0" xmlns="http://schemas.microsoft.com/developer/msbuild/2003">
  <ItemGroup>
    <Filter Include="Source Files">
      <UniqueIdentifier>{4FC737F1-C7A5-4376-A066-2A32D752A2FF}</UniqueIdentifier>
      <Extensions>cpp;c;cc;cxx;def;odl;idl;hpj;bat;asm;asmx</Extensions>
    </Filter>
    <Filter Include="Header Files">
      <UniqueIdentifier>{93995380-89BD-4b04-88EB-625FBE52EBFB}</UniqueIdentifier>
      <Extensions>h;hpp;hxx;hm;inl;inc;xsd</Extensions>
    </Filter>
    <Filter Include="Resource Files">
      <UniqueIdentifier>{67DA6AB6-F800-4c08-8B7A-83BB121AAD01}</UniqueIdentifier>
      <Extensions>rc;ico;cur;bmp;dlg;rc2;rct;bin;rgs;gif;jpg;jpeg;jpe;resx;tiff;tif;png;wav</Extensions>
    </Filter>
    <Filter Include="settings">
      <UniqueIdentifier>{7a9f2f66-6dac-4214-86ba-f5d329eea218}</UniqueIdentifier>
    </Filter>
    <Filter Include="XListBox">
      <UniqueIdentifier>{75f1bfd9-94a3-47f4-83d9-de0ffcb1746c}</UniqueIdentifier>
    </Filter>
    <Filter Include="spawn">
      <UniqueIdentifier>{34d6f36a-3691-4225-8f73-53b2af69acad}</UniqueIdentifier>
    </Filter>
  </ItemGroup>
  <ItemGroup>
    <ClCompile Include="CmCheck.cpp">
      <Filter>Source Files</Filter>
    </ClCompile>
    <ClCompile Include="log\debug.cpp">
      <Filter>Source Files</Filter>
    </ClCompile>
    <ClCompile Include="DlgItemCmn.cpp">
      <Filter>Source Files</Filter>
    </ClCompile>
    <ClCompile Include="DlgSettings.cpp">
      <Filter>Source Files</Filter>
    </ClCompile>
    <ClCompile Include="file.c">
      <Filter>Source Files</Filter>
    </ClCompile>
    <ClCompile Include="GroupControl.cpp">
      <Filter>Source Files</Filter>
    </ClCompile>
    <ClCompile Include="rk_provision_tool.cpp">
      <Filter>Source Files</Filter>
    </ClCompile>
    <ClCompile Include="rk_provision_toolDlg.cpp">
      <Filter>Source Files</Filter>
    </ClCompile>
    <ClCompile Include="stdafx.cpp">
      <Filter>Source Files</Filter>
    </ClCompile>
    <ClCompile Include="settings\inifile.cpp">
      <Filter>settings</Filter>
    </ClCompile>
    <ClCompile Include="settings\SettingBase.cpp">
      <Filter>settings</Filter>
    </ClCompile>
    <ClCompile Include="XListBox\Clipboard.cpp">
      <Filter>XListBox</Filter>
    </ClCompile>
    <ClCompile Include="XListBox\XListBox.cpp">
      <Filter>XListBox</Filter>
    </ClCompile>
    <ClCompile Include="spawn\scriptexe.cpp">
      <Filter>spawn</Filter>
    </ClCompile>
  </ItemGroup>
  <ItemGroup>
    <ClInclude Include="CmCheck.h">
      <Filter>Header Files</Filter>
    </ClInclude>
    <ClInclude Include="log\debug.h">
      <Filter>Header Files</Filter>
    </ClInclude>
    <ClInclude Include="DlgItemCmn.h">
      <Filter>Header Files</Filter>
    </ClInclude>
    <ClInclude Include="DlgSettings.h">
      <Filter>Header Files</Filter>
    </ClInclude>
    <ClInclude Include="file.h">
      <Filter>Header Files</Filter>
    </ClInclude>
    <ClInclude Include="GroupControl.h">
      <Filter>Header Files</Filter>
    </ClInclude>
    <ClInclude Include="Resource.h">
      <Filter>Header Files</Filter>
    </ClInclude>
    <ClInclude Include="rk_provision_tool.h">
      <Filter>Header Files</Filter>
    </ClInclude>
    <ClInclude Include="rk_provision_toolDlg.h">
      <Filter>Header Files</Filter>
    </ClInclude>
    <ClInclude Include="stdafx.h">
      <Filter>Header Files</Filter>
    </ClInclude>
    <ClInclude Include="targetver.h">
      <Filter>Header Files</Filter>
    </ClInclude>
    <ClInclude Include="settings\inifile.h">
      <Filter>settings</Filter>
    </ClInclude>
    <ClInclude Include="settings\SettingBase.h">
      <Filter>settings</Filter>
    </ClInclude>
    <ClInclude Include="XListBox\Clipboard.h">
      <Filter>XListBox</Filter>
    </ClInclude>
    <ClInclude Include="XListBox\XListBox.h">
      <Filter>XListBox</Filter>
    </ClInclude>
    <ClInclude Include="spawn\scriptexe.h">
      <Filter>spawn</Filter>
    </ClInclude>
  </ItemGroup>
  <ItemGroup>
    <None Include="res\green_led.bmp">
      <Filter>Resource Files</Filter>
    </None>
    <None Include="res\icon1.ico">
      <Filter>Resource Files</Filter>
    </None>
    <None Include="res\icon2.ico">
      <Filter>Resource Files</Filter>
    </None>
    <None Include="res\red_led.bmp">
      <Filter>Resource Files</Filter>
    </None>
    <None Include="res\rk_provision_tool.ico">
      <Filter>Resource Files</Filter>
    </None>
    <None Include="res\rk_provision_tool.rc2">
      <Filter>Resource Files</Filter>
    </None>
    <None Include="res\RKDevInfoWriteTool.ico">
      <Filter>Resource Files</Filter>
    </None>
    <None Include="res\rockchip.ico">
      <Filter>Resource Files</Filter>
    </None>
    <None Include="DlgItemCmn.htm" />
    <None Include="ReadMe.txt" />
  </ItemGroup>
  <ItemGroup>
    <ResourceCompile Include="rk_provision_tool.rc">
      <Filter>Resource Files</Filter>
    </ResourceCompile>
  </ItemGroup>
</Project>